// !$*UTF8*$!
{
	archiveVersion = 1;
	classes = {
	};
	objectVersion = 46;
	objects = {

/* Begin PBXBuildFile section */
		71DD8E241C109795000E1639 /* main.m in Sources */ = {isa = PBXBuildFile; fileRef = 71DD8E231C109795000E1639 /* main.m */; };
		71DD8E271C109795000E1639 /* AppDelegate.m in Sources */ = {isa = PBXBuildFile; fileRef = 71DD8E261C109795000E1639 /* AppDelegate.m */; };
		71DD8E2F1C109795000E1639 /* Assets.xcassets in Resources */ = {isa = PBXBuildFile; fileRef = 71DD8E2E1C109795000E1639 /* Assets.xcassets */; };
		71DD8E321C109795000E1639 /* LaunchScreen.storyboard in Resources */ = {isa = PBXBuildFile; fileRef = 71DD8E301C109795000E1639 /* LaunchScreen.storyboard */; };
		71DD8E3C1C109878000E1639 /* MainViewController.m in Sources */ = {isa = PBXBuildFile; fileRef = 71DD8E3A1C109878000E1639 /* MainViewController.m */; settings = {ASSET_TAGS = (); }; };
		71DD8E3D1C109878000E1639 /* MainViewController.xib in Resources */ = {isa = PBXBuildFile; fileRef = 71DD8E3B1C109878000E1639 /* MainViewController.xib */; settings = {ASSET_TAGS = (); }; };
		71DD8E411C109888000E1639 /* SecondViewController.m in Sources */ = {isa = PBXBuildFile; fileRef = 71DD8E3F1C109888000E1639 /* SecondViewController.m */; settings = {ASSET_TAGS = (); }; };
		71DD8E421C109888000E1639 /* SecondViewController.xib in Resources */ = {isa = PBXBuildFile; fileRef = 71DD8E401C109888000E1639 /* SecondViewController.xib */; settings = {ASSET_TAGS = (); }; };
		71DD8E461C109A02000E1639 /* ThirdViewController.m in Sources */ = {isa = PBXBuildFile; fileRef = 71DD8E441C109A02000E1639 /* ThirdViewController.m */; settings = {ASSET_TAGS = (); }; };
		71DD8E471C109A02000E1639 /* ThirdViewController.xib in Resources */ = {isa = PBXBuildFile; fileRef = 71DD8E451C109A02000E1639 /* ThirdViewController.xib */; settings = {ASSET_TAGS = (); }; };
/* End PBXBuildFile section */

/* Begin PBXFileReference section */
		71DD8E1F1C109795000E1639 /* NavigationTest04.app */ = {isa = PBXFileReference; explicitFileType = wrapper.application; includeInIndex = 0; path = NavigationTest04.app; sourceTree = BUILT_PRODUCTS_DIR; };
		71DD8E231C109795000E1639 /* main.m */ = {isa = PBXFileReference; lastKnownFileType = sourcecode.c.objc; path = main.m; sourceTree = "<group>"; };
		71DD8E251C109795000E1639 /* AppDelegate.h */ = {isa = PBXFileReference; lastKnownFileType = sourcecode.c.h; path = AppDelegate.h; sourceTree = "<group>"; };
		71DD8E261C109795000E1639 /* AppDelegate.m */ = {isa = PBXFileReference; lastKnownFileType = sourcecode.c.objc; path = AppDelegate.m; sourceTree = "<group>"; };
		71DD8E2E1C109795000E1639 /* Assets.xcassets */ = {isa = PBXFileReference; lastKnownFileType = folder.assetcatalog; path = Assets.xcassets; sourceTree = "<group>"; };
		71DD8E311C109795000E1639 /* Base */ = {isa = PBXFileReference; lastKnownFileType = file.storyboard; name = Base; path = Base.lproj/LaunchScreen.storyboard; sourceTree = "<group>"; };
		71DD8E331C109795000E1639 /* Info.plist */ = {isa = PBXFileReference; lastKnownFileType = text.plist.xml; path = Info.plist; sourceTree = "<group>"; };
		71DD8E391C109878000E1639 /* MainViewController.h */ = {isa = PBXFileReference; fileEncoding = 4; lastKnownFileType = sourcecode.c.h; path = MainViewController.h; sourceTree = "<group>"; };
		71DD8E3A1C109878000E1639 /* MainViewController.m */ = {isa = PBXFileReference; fileEncoding = 4; lastKnownFileType = sourcecode.c.objc; path = MainViewController.m; sourceTree = "<group>"; };
		71DD8E3B1C109878000E1639 /* MainViewController.xib */ = {isa = PBXFileReference; fileEncoding = 4; lastKnownFileType = file.xib; path = MainViewController.xib; sourceTree = "<group>"; };
		71DD8E3E1C109888000E1639 /* SecondViewController.h */ = {isa = PBXFileReference; fileEncoding = 4; lastKnownFileType = sourcecode.c.h; path = SecondViewController.h; sourceTree = "<group>"; };
		71DD8E3F1C109888000E1639 /* SecondViewController.m */ = {isa = PBXFileReference; fileEncoding = 4; lastKnownFileType = sourcecode.c.objc; path = SecondViewController.m; sourceTree = "<group>"; };
		71DD8E401C109888000E1639 /* SecondViewController.xib */ = {isa = PBXFileReference; fileEncoding = 4; lastKnownFileType = file.xib; path = SecondViewController.xib; sourceTree = "<group>"; };
		71DD8E431C109A02000E1639 /* ThirdViewController.h */ = {isa = PBXFileReference; fileEncoding = 4; lastKnownFileType = sourcecode.c.h; path = ThirdViewController.h; sourceTree = "<group>"; };
		71DD8E441C109A02000E1639 /* ThirdViewController.m */ = {isa = PBXFileReference; fileEncoding = 4; lastKnownFileType = sourcecode.c.objc; path = ThirdViewController.m; sourceTree = "<group>"; };
		71DD8E451C109A02000E1639 /* ThirdViewController.xib */ = {isa = PBXFileReference; fileEncoding = 4; lastKnownFileType = file.xib; path = ThirdViewController.xib; sourceTree = "<group>"; };
/* End PBXFileReference section */

/* Begin PBXFrameworksBuildPhase section */
		71DD8E1C1C109795000E1639 /* Frameworks */ = {
			isa = PBXFrameworksBuildPhase;
			buildActionMask = 2147483647;
			files = (
			);
			runOnlyForDeploymentPostprocessing = 0;
		};
/* End PBXFrameworksBuildPhase section */

/* Begin PBXGroup section */
		71DD8E161C109795000E1639 = {
			isa = PBXGroup;
			children = (
				71DD8E211C109795000E1639 /* NavigationTest04 */,
				71DD8E201C109795000E1639 /* Products */,
			);
			sourceTree = "<group>";
		};
		71DD8E201C109795000E1639 /* Products */ = {
			isa = PBXGroup;
			children = (
				71DD8E1F1C109795000E1639 /* NavigationTest04.app */,
			);
			name = Products;
			sourceTree = "<group>";
		};
		71DD8E211C109795000E1639 /* NavigationTest04 */ = {
			isa = PBXGroup;
			children = (
				71DD8E251C109795000E1639 /* AppDelegate.h */,
				71DD8E261C109795000E1639 /* AppDelegate.m */,
				71DD8E391C109878000E1639 /* MainViewController.h */,
				71DD8E3A1C109878000E1639 /* MainViewController.m */,
				71DD8E3B1C109878000E1639 /* MainViewController.xib */,
				71DD8E3E1C109888000E1639 /* SecondViewController.h */,
				71DD8E3F1C109888000E1639 /* SecondViewController.m */,
				71DD8E401C109888000E1639 /* SecondViewController.xib */,
				71DD8E431C109A02000E1639 /* ThirdViewController.h */,
				71DD8E441C109A02000E1639 /* ThirdViewController.m */,
				71DD8E451C109A02000E1639 /* ThirdViewController.xib */,
				71DD8E2E1C109795000E1639 /* Assets.xcassets */,
				71DD8E301C109795000E1639 /* LaunchScreen.storyboard */,
				71DD8E331C109795000E1639 /* Info.plist */,
				71DD8E221C109795000E1639 /* Supporting Files */,
			);
			path = NavigationTest04;
			sourceTree = "<group>";
		};
		71DD8E221C109795000E1639 /* Supporting Files */ = {
			isa = PBXGroup;
			children = (
				71DD8E231C109795000E1639 /* main.m */,
			);
			name = "Supporting Files";
			sourceTree = "<group>";
		};
/* End PBXGroup section */

/* Begin PBXNativeTarget section */
		71DD8E1E1C109795000E1639 /* NavigationTest04 */ = {
			isa = PBXNativeTarget;
			buildConfigurationList = 71DD8E361C109795000E1639 /* Build configuration list for PBXNativeTarget "NavigationTest04" */;
			buildPhases = (
				71DD8E1B1C109795000E1639 /* Sources */,
				71DD8E1C1C109795000E1639 /* Frameworks */,
				71DD8E1D1C109795000E1639 /* Resources */,
			);
			buildRules = (
			);
			dependencies = (
			);
			name = NavigationTest04;
			productName = NavigationTest04;
			productReference = 71DD8E1F1C109795000E1639 /* NavigationTest04.app */;
			productType = "com.apple.product-type.application";
		};
/* End PBXNativeTarget section */

/* Begin PBXProject section */
		71DD8E171C109795000E1639 /* Project object */ = {
			isa = PBXProject;
			attributes = {
				LastUpgradeCheck = 0700;
				ORGANIZATIONNAME = chenyufengweb;
				TargetAttributes = {
					71DD8E1E1C109795000E1639 = {
						CreatedOnToolsVersion = 7.0.1;
					};
				};
			};
			buildConfigurationList = 71DD8E1A1C109795000E1639 /* Build configuration list for PBXProject "NavigationTest04" */;
			compatibilityVersion = "Xcode 3.2";
			developmentRegion = English;
			hasScannedForEncodings = 0;
			knownRegions = (
				en,
				Base,
			);
			mainGroup = 71DD8E161C109795000E1639;
			productRefGroup = 71DD8E201C109795000E1639 /* Products */;
			projectDirPath = "";
			projectRoot = "";
			targets = (
				71DD8E1E1C109795000E1639 /* NavigationTest04 */,
			);
		};
/* End PBXProject section */

/* Begin PBXResourcesBuildPhase section */
		71DD8E1D1C109795000E1639 /* Resources */ = {
			isa = PBXResourcesBuildPhase;
			buildActionMask = 2147483647;
			files = (
				71DD8E421C109888000E1639 /* SecondViewController.xib in Resources */,
				71DD8E321C109795000E1639 /* LaunchScreen.storyboard in Resources */,
				71DD8E3D1C109878000E1639 /* MainViewController.xib in Resources */,
				71DD8E471C109A02000E1639 /* ThirdViewController.xib in Resources */,
				71DD8E2F1C109795000E1639 /* Assets.xcassets in Resources */,
			);
			runOnlyForDeploymentPostprocessing = 0;
		};
/* End PBXResourcesBuildPhase section */

/* Begin PBXSourcesBuildPhase section */
		71DD8E1B1C109795000E1639 /* Sources */ = {
			isa = PBXSourcesBuildPhase;
			buildActionMask = 2147483647;
			files = (
				71DD8E411C109888000E1639 /* SecondViewController.m in Sources */,
				71DD8E461C109A02000E1639 /* ThirdViewController.m in Sources */,
				71DD8E271C109795000E1639 /* AppDelegate.m in Sources */,
				71DD8E3C1C109878000E1639 /* MainViewController.m in Sources */,
				71DD8E241C109795000E1639 /* main.m in Sources */,
			);
			runOnlyForDeploymentPostprocessing = 0;
		};
/* End PBXSourcesBuildPhase section */

/* Begin PBXVariantGroup section */
		71DD8E301C109795000E1639 /* LaunchScreen.storyboard */ = {
			isa = PBXVariantGroup;
			children = (
				71DD8E311C109795000E1639 /* Base */,
			);
			name = LaunchScreen.storyboard;
			sourceTree = "<group>";
		};
/* End PBXVariantGroup section */

/* Begin XCBuildConfiguration section */
		71DD8E341C109795000E1639 /* Debug */ = {
			isa = XCBuildConfiguration;
			buildSettings = {
				ALWAYS_SEARCH_USER_PATHS = NO;
				CLANG_CXX_LANGUAGE_STANDARD = "gnu++0x";
				CLANG_CXX_LIBRARY = "libc++";
				CLANG_ENABLE_MODULES = YES;
				CLANG_ENABLE_OBJC_ARC = YES;
				CLANG_WARN_BOOL_CONVERSION = YES;
				CLANG_WARN_CONSTANT_CONVERSION = YES;
				CLANG_WARN_DIRECT_OBJC_ISA_USAGE = YES_ERROR;
				CLANG_WARN_EMPTY_BODY = YES;
				CLANG_WARN_ENUM_CONVERSION = YES;
				CLANG_WARN_INT_CONVERSION = YES;
				CLANG_WARN_OBJC_ROOT_CLASS = YES_ERROR;
				CLANG_WARN_UNREACHABLE_CODE = YES;
				CLANG_WARN__DUPLICATE_METHOD_MATCH = YES;
				"CODE_SIGN_IDENTITY[sdk=iphoneos*]" = "iPhone Developer";
				COPY_PHASE_STRIP = NO;
				DEBUG_INFORMATION_FORMAT = dwarf;
				ENABLE_STRICT_OBJC_MSGSEND = YES;
				ENABLE_TESTABILITY = YES;
				GCC_C_LANGUAGE_STANDARD = gnu99;
				GCC_DYNAMIC_NO_PIC = NO;
				GCC_NO_COMMON_BLOCKS = YES;
				GCC_OPTIMIZATION_LEVEL = 0;
				GCC_PREPROCESSOR_DEFINITIONS = (
					"DEBUG=1",
					"$(inherited)",
				);
				GCC_WARN_64_TO_32_BIT_CONVERSION = YES;
				GCC_WARN_ABOUT_RETURN_TYPE = YES_ERROR;
				GCC_WARN_UNDECLARED_SELECTOR = YES;
				GCC_WARN_UNINITIALIZED_AUTOS = YES_AGGRESSIVE;
				GCC_WARN_UNUSED_FUNCTION = YES;
				GCC_WARN_UNUSED_VARIABLE = YES;
				IPHONEOS_DEPLOYMENT_TARGET = 9.0;
				MTL_ENABLE_DEBUG_INFO = YES;
				ONLY_ACTIVE_ARCH = YES;
				SDKROOT = iphoneos;
				TARGETED_DEVICE_FAMILY = "1,2";
			};
			name = Debug;
		};
		71DD8E351C109795000E1639 /* Release */ = {
			isa = XCBuildConfiguration;
			buildSettings = {
				ALWAYS_SEARCH_USER_PATHS = NO;
				CLANG_CXX_LANGUAGE_STANDARD = "gnu++0x";
				CLANG_CXX_LIBRARY = "libc++";
				CLANG_ENABLE_MODULES = YES;
				CLANG_ENABLE_OBJC_ARC = YES;
				CLANG_WARN_BOOL_CONVERSION = YES;
				CLANG_WARN_CONSTANT_CONVERSION = YES;
				CLANG_WARN_DIRECT_OBJC_ISA_USAGE = YES_ERROR;
				CLANG_WARN_EMPTY_BODY = YES;
				CLANG_WARN_ENUM_CONVERSION = YES;
				CLANG_WARN_INT_CONVERSION = YES;
				CLANG_WARN_OBJC_ROOT_CLASS = YES_ERROR;
				CLANG_WARN_UNREACHABLE_CODE = YES;
				CLANG_WARN__DUPLICATE_METHOD_MATCH = YES;
				"CODE_SIGN_IDENTITY[sdk=iphoneos*]" = "iPhone Developer";
				COPY_PHASE_STRIP = NO;
				DEBUG_INFORMATION_FORMAT = "dwarf-with-dsym";
				ENABLE_NS_ASSERTIONS = NO;
				ENABLE_STRICT_OBJC_MSGSEND = YES;
				GCC_C_LANGUAGE_STANDARD = gnu99;
				GCC_NO_COMMON_BLOCKS = YES;
				GCC_WARN_64_TO_32_BIT_CONVERSION = YES;
				GCC_WARN_ABOUT_RETURN_TYPE = YES_ERROR;
				GCC_WARN_UNDECLARED_SELECTOR = YES;
				GCC_WARN_UNINITIALIZED_AUTOS = YES_AGGRESSIVE;
				GCC_WARN_UNUSED_FUNCTION = YES;
				GCC_WARN_UNUSED_VARIABLE = YES;
				IPHONEOS_DEPLOYMENT_TARGET = 9.0;
				MTL_ENABLE_DEBUG_INFO = NO;
				SDKROOT = iphoneos;
				TARGETED_DEVICE_FAMILY = "1,2";
				VALIDATE_PRODUCT = YES;
			};
			name = Release;
		};
		71DD8E371C109795000E1639 /* Debug */ = {
			isa = XCBuildConfiguration;
			buildSettings = {
				ASSETCATALOG_COMPILER_APPICON_NAME = AppIcon;
				INFOPLIST_FILE = NavigationTest04/Info.plist;
				LD_RUNPATH_SEARCH_PATHS = "$(inherited) @executable_path/Frameworks";
				PRODUCT_BUNDLE_IDENTIFIER = com.chenyufengweb.NavigationTest04;
				PRODUCT_NAME = "$(TARGET_NAME)";
			};
			name = Debug;
		};
		71DD8E381C109795000E1639 /* Release */ = {
			isa = XCBuildConfiguration;
			buildSettings = {
				ASSETCATALOG_COMPILER_APPICON_NAME = AppIcon;
				INFOPLIST_FILE = NavigationTest04/Info.plist;
				LD_RUNPATH_SEARCH_PATHS = "$(inherited) @executable_path/Frameworks";
				PRODUCT_BUNDLE_IDENTIFIER = com.chenyufengweb.NavigationTest04;
				PRODUCT_NAME = "$(TARGET_NAME)";
			};
			name = Release;
		};
/* End XCBuildConfiguration section */

/* Begin XCConfigurationList section */
		71DD8E1A1C109795000E1639 /* Build configuration list for PBXProject "NavigationTest04" */ = {
			isa = XCConfigurationList;
			buildConfigurations = (
				71DD8E341C109795000E1639 /* Debug */,
				71DD8E351C109795000E1639 /* Release */,
			);
			defaultConfigurationIsVisible = 0;
			defaultConfigurationName = Release;
		};
		71DD8E361C109795000E1639 /* Build configuration list for PBXNativeTarget "NavigationTest04" */ = {
			isa = XCConfigurationList;
			buildConfigurations = (
				71DD8E371C109795000E1639 /* Debug */,
				71DD8E381C109795000E1639 /* Release */,
			);
			defaultConfigurationIsVisible = 0;
		};
/* End XCConfigurationList section */
	};
	rootObject = 71DD8E171C109795000E1639 /* Project object */;
}
